
Microsoft Visual Studio Solution File, Format Version 12.00
# Visual Studio 15
VisualStudioVersion = 15.0.26228.10
MinimumVisualStudioVersion = 10.0.40219.1
Project("{FAE04EC0-301F-11D3-BF4B-00C04F79EFBC}") = "DataBaseFirst", "FirstEF6App\DataBaseFirst.csproj", "{DEB0369C-5B76-4FDE-B396-8389CAAE21B3}"
EndProject
Project("{2150E333-8FDC-42A3-9474-1A3956D46DE8}") = "Solution Items", "Solution Items", "{B7512E04-2C14-4816-8D3B-68B55AD08DDC}"
	ProjectSection(SolutionItems) = preProject
		HTMLPage1.html = HTMLPage1.html
	EndProjectSection
EndProject
Global
	GlobalSection(SolutionConfigurationPlatforms) = preSolution
		Debug|Any CPU = Debug|Any CPU
		Release|Any CPU = Release|Any CPU
	EndGlobalSection
	GlobalSection(ProjectConfigurationPlatforms) = postSolution
		{DEB0369C-5B76-4FDE-B396-8389CAAE21B3}.Debug|Any CPU.ActiveCfg = Debug|Any CPU
		{DEB0369C-5B76-4FDE-B396-8389CAAE21B3}.Debug|Any CPU.Build.0 = Debug|Any CPU
		{DEB0369C-5B76-4FDE-B396-8389CAAE21B3}.Release|Any CPU.ActiveCfg = Release|Any CPU
		{DEB0369C-5B76-4FDE-B396-8389CAAE21B3}.Release|Any CPU.Build.0 = Release|Any CPU
	EndGlobalSection
	GlobalSection(SolutionProperties) = preSolution
		HideSolutionNode = FALSE
	EndGlobalSection
EndGlobal
